<?xml version="1.0" encoding="utf-8"?>
<Project ToolsVersion="4.0" xmlns="http://schemas.microsoft.com/developer/msbuild/2003">
  <ItemGroup>
    <Filter Include="ソース ファイル">
      <UniqueIdentifier>{4FC737F1-C7A5-4376-A066-2A32D752A2FF}</UniqueIdentifier>
      <Extensions>cpp;c;cc;cxx;c++;cppm;ixx;def;odl;idl;hpj;bat;asm;asmx</Extensions>
    </Filter>
    <Filter Include="ヘッダー ファイル">
      <UniqueIdentifier>{93995380-89BD-4b04-88EB-625FBE52EBFB}</UniqueIdentifier>
      <Extensions>h;hh;hpp;hxx;h++;hm;inl;inc;ipp;xsd</Extensions>
    </Filter>
    <Filter Include="リソース ファイル">
      <UniqueIdentifier>{67DA6AB6-F800-4c08-8B7A-83BB121AAD01}</UniqueIdentifier>
      <Extensions>rc;ico;cur;bmp;dlg;rc2;rct;bin;rgs;gif;jpg;jpeg;jpe;resx;tiff;tif;png;wav;mfcribbon-ms</Extensions>
    </Filter>
    <Filter Include="ソース ファイル\Engine">
      <UniqueIdentifier>{b6d27b81-161d-4bb3-b0f5-ddc27f63fda3}</UniqueIdentifier>
    </Filter>
    <Filter Include="ソース ファイル\Engine\Character">
      <UniqueIdentifier>{21ade5d8-8002-4f35-ba9c-5b9333c3f9fd}</UniqueIdentifier>
    </Filter>
    <Filter Include="ソース ファイル\Engine\Scene">
      <UniqueIdentifier>{896ddef5-f230-4537-a264-dcffef2cc9c9}</UniqueIdentifier>
    </Filter>
    <Filter Include="ヘッダー ファイル\Engine">
      <UniqueIdentifier>{a6e0d6dc-071b-401a-99ec-feec3b48933e}</UniqueIdentifier>
    </Filter>
    <Filter Include="ヘッダー ファイル\Engine\Fade">
      <UniqueIdentifier>{5bc016e8-fe80-4132-b5c0-658df14ace1c}</UniqueIdentifier>
    </Filter>
    <Filter Include="ヘッダー ファイル\Engine\Character">
      <UniqueIdentifier>{5242111f-caf1-446e-83f5-80cc00788ab9}</UniqueIdentifier>
    </Filter>
    <Filter Include="ヘッダー ファイル\Engine\Component">
      <UniqueIdentifier>{54ab25f9-264c-4207-bf54-7a589ccba9ea}</UniqueIdentifier>
    </Filter>
    <Filter Include="ヘッダー ファイル\Engine\Scene">
      <UniqueIdentifier>{25cc718d-8285-4907-a65e-79be9d91df32}</UniqueIdentifier>
    </Filter>
    <Filter Include="ヘッダー ファイル\Engine\Stage">
      <UniqueIdentifier>{82d1ef68-d248-4de4-b257-2d438a50a784}</UniqueIdentifier>
    </Filter>
    <Filter Include="ヘッダー ファイル\Engine\Load">
      <UniqueIdentifier>{69b3473c-6403-469e-9dea-31f1b2cbdcd7}</UniqueIdentifier>
    </Filter>
    <Filter Include="ソース ファイル\Engine\Load">
      <UniqueIdentifier>{533811ef-5a14-42b7-99a8-31b694d26cc7}</UniqueIdentifier>
    </Filter>
    <Filter Include="ヘッダー ファイル\Engine\Scene\Calendar">
      <UniqueIdentifier>{f9b2f5ca-cf4b-42b0-a25c-3cad1c390ddd}</UniqueIdentifier>
    </Filter>
    <Filter Include="ソース ファイル\Engine\Scene\Calendar">
      <UniqueIdentifier>{48c843ff-9675-4bdd-87b4-ebd90a97f385}</UniqueIdentifier>
    </Filter>
    <Filter Include="ヘッダー ファイル\Engine\Input">
      <UniqueIdentifier>{1a45a64e-7fa7-4173-b945-25cddacebb7b}</UniqueIdentifier>
    </Filter>
    <Filter Include="ソース ファイル\Engine\Stage">
      <UniqueIdentifier>{d0570ce8-4016-4a87-a40b-25a42340f6e2}</UniqueIdentifier>
    </Filter>
    <Filter Include="ソース ファイル\Engine\Load\Animation">
      <UniqueIdentifier>{bc742f61-1afc-40b4-914b-efe3763a7f05}</UniqueIdentifier>
    </Filter>
    <Filter Include="ヘッダー ファイル\Engine\Load\Animation">
      <UniqueIdentifier>{ffab97aa-c776-491b-834e-4773cbcd9620}</UniqueIdentifier>
    </Filter>
    <Filter Include="ヘッダー ファイル\Engine\Scene\Action">
      <UniqueIdentifier>{07368507-ebed-455f-b847-37a8ab637382}</UniqueIdentifier>
    </Filter>
    <Filter Include="ソース ファイル\Engine\Scene\Action">
      <UniqueIdentifier>{ea40ac7a-bba9-4642-947b-a7862ea4e33f}</UniqueIdentifier>
    </Filter>
    <Filter Include="ヘッダー ファイル\Engine\Scene\Selection">
      <UniqueIdentifier>{b8c2bbc6-5438-4c31-94ac-4bb9ed973672}</UniqueIdentifier>
    </Filter>
    <Filter Include="ソース ファイル\Engine\Scene\Selection">
      <UniqueIdentifier>{d4639ea7-e1a9-44e4-8da6-0b22b2204dd4}</UniqueIdentifier>
    </Filter>
    <Filter Include="ヘッダー ファイル\Engine\Audio">
      <UniqueIdentifier>{8b99aa5f-c92f-410b-8364-5698a7ae6bfe}</UniqueIdentifier>
    </Filter>
    <Filter Include="ソース ファイル\Engine\Audio">
      <UniqueIdentifier>{bef3dd9e-9d20-4c8f-8581-0e0f1902c486}</UniqueIdentifier>
    </Filter>
    <Filter Include="ヘッダー ファイル\Engine\Utility">
      <UniqueIdentifier>{2711ac87-a2b7-4672-910f-906a1dee5423}</UniqueIdentifier>
    </Filter>
    <Filter Include="ヘッダー ファイル\Engine\Menu">
      <UniqueIdentifier>{fa4e7175-a830-4183-bca5-efe2091cd4e9}</UniqueIdentifier>
    </Filter>
    <Filter Include="ヘッダー ファイル\Data">
      <UniqueIdentifier>{891cb159-afb4-4a67-ae0d-15a8e9912cf3}</UniqueIdentifier>
    </Filter>
    <Filter Include="ヘッダー ファイル\Engine\System">
      <UniqueIdentifier>{64f747a7-ddd1-4bfc-8c39-8cbb5c510563}</UniqueIdentifier>
    </Filter>
    <Filter Include="ヘッダー ファイル\Engine\System\Money">
      <UniqueIdentifier>{f2e7d909-1afd-44df-9645-61a68ddc5bf0}</UniqueIdentifier>
    </Filter>
    <Filter Include="ヘッダー ファイル\Engine\System\Status">
      <UniqueIdentifier>{020243a0-36cf-4eec-8ff4-8079e168b880}</UniqueIdentifier>
    </Filter>
    <Filter Include="ヘッダー ファイル\Engine\Character\Player">
      <UniqueIdentifier>{75a189b6-3745-4a0f-815c-45aeb67731df}</UniqueIdentifier>
    </Filter>
    <Filter Include="ヘッダー ファイル\Engine\Collision">
      <UniqueIdentifier>{a14b27b8-e5d5-4065-9407-d4a3085a4c4e}</UniqueIdentifier>
    </Filter>
    <Filter Include="ソース ファイル\Engine\System">
      <UniqueIdentifier>{5c2a2461-e2cf-4d1a-9f3f-66f8ac6afd29}</UniqueIdentifier>
    </Filter>
    <Filter Include="ヘッダー ファイル\Engine\System\Item">
      <UniqueIdentifier>{4de5ccba-ab5d-44b6-9b3e-93d3ce175d96}</UniqueIdentifier>
    </Filter>
    <Filter Include="ヘッダー ファイル\Data\Dungeon">
      <UniqueIdentifier>{a2c6122f-53ba-45be-9960-7b5e94880d6f}</UniqueIdentifier>
    </Filter>
    <Filter Include="ヘッダー ファイル\Data\Player">
      <UniqueIdentifier>{767e1437-2210-4e2a-bc5a-1eb73c967cf8}</UniqueIdentifier>
    </Filter>
    <Filter Include="ヘッダー ファイル\Data\Treasure">
      <UniqueIdentifier>{f668c90f-e0f0-45ac-a115-3ed19572f904}</UniqueIdentifier>
    </Filter>
    <Filter Include="ヘッダー ファイル\Data\Item">
      <UniqueIdentifier>{01716cc6-c1af-4fde-914b-0c77c11406ba}</UniqueIdentifier>
    </Filter>
    <Filter Include="ソース ファイル\Engine\System\Status">
      <UniqueIdentifier>{5fafadf1-6e9c-44fc-a046-1ece6676d4b3}</UniqueIdentifier>
    </Filter>
    <Filter Include="ソース ファイル\Engine\System\Item">
      <UniqueIdentifier>{6b29716e-b408-47b3-b866-337b4201290e}</UniqueIdentifier>
    </Filter>
    <Filter Include="ヘッダー ファイル\Engine\Scene\Selection\Dungeon">
      <UniqueIdentifier>{b9612847-a4dd-4196-9f33-3655bde1b92b}</UniqueIdentifier>
    </Filter>
    <Filter Include="ヘッダー ファイル\Engine\Scene\Selection\Training">
      <UniqueIdentifier>{432deab6-beb2-429d-9bee-f75e4f7474a0}</UniqueIdentifier>
    </Filter>
    <Filter Include="ヘッダー ファイル\Engine\Scene\Selection\Shop">
      <UniqueIdentifier>{30a94be8-6028-4995-8600-a736a275cd9f}</UniqueIdentifier>
    </Filter>
    <Filter Include="ヘッダー ファイル\Engine\Scene\Selection\PartTime">
      <UniqueIdentifier>{b2fe3af3-fc89-4985-a829-4c5a80e321a9}</UniqueIdentifier>
    </Filter>
    <Filter Include="ソース ファイル\Engine\Scene\Selection\Dungeon">
      <UniqueIdentifier>{62c0fbae-a3f7-4aca-ba6b-e6152cf79488}</UniqueIdentifier>
    </Filter>
    <Filter Include="ソース ファイル\Engine\Scene\Selection\Training">
      <UniqueIdentifier>{1a2a3b26-9705-4d6f-be9c-dedd41192bec}</UniqueIdentifier>
    </Filter>
    <Filter Include="ソース ファイル\Engine\Scene\Selection\Shop">
      <UniqueIdentifier>{59c9497f-54b1-44d0-92d1-801cbb470b07}</UniqueIdentifier>
    </Filter>
    <Filter Include="ソース ファイル\Engine\Scene\Selection\PartTime">
      <UniqueIdentifier>{d5345967-675f-406d-ba52-584aa2c0ec1e}</UniqueIdentifier>
    </Filter>
    <Filter Include="ソース ファイル\Engine\Scene\Action\Dungeon">
      <UniqueIdentifier>{2bbbfa07-c019-44f4-bcc0-f61231ef14d2}</UniqueIdentifier>
    </Filter>
    <Filter Include="ソース ファイル\Engine\Scene\Action\Training">
      <UniqueIdentifier>{5c3c4921-294a-4791-b3b6-21c168fbe61c}</UniqueIdentifier>
    </Filter>
    <Filter Include="ソース ファイル\Engine\Scene\Action\Shop">
      <UniqueIdentifier>{de15867c-b804-40c8-99c6-d78af5090127}</UniqueIdentifier>
    </Filter>
    <Filter Include="ソース ファイル\Engine\Scene\Action\PartTime">
      <UniqueIdentifier>{ca6419ec-4aff-44f7-a5a0-9eed38e70ea5}</UniqueIdentifier>
    </Filter>
    <Filter Include="ヘッダー ファイル\Engine\Scene\Action\Dungeon">
      <UniqueIdentifier>{b7c430bb-57c3-4cc1-9695-6c1f558f0013}</UniqueIdentifier>
    </Filter>
    <Filter Include="ヘッダー ファイル\Engine\Scene\Action\Training">
      <UniqueIdentifier>{9ed785ad-3081-4ebd-b646-06f16cba6058}</UniqueIdentifier>
    </Filter>
    <Filter Include="ヘッダー ファイル\Engine\Scene\Action\Shop">
      <UniqueIdentifier>{c5d9b93d-fa37-4571-a1e2-0453a06bcba3}</UniqueIdentifier>
    </Filter>
    <Filter Include="ヘッダー ファイル\Engine\Scene\Action\PartTime">
      <UniqueIdentifier>{7a5b51ab-232b-4178-a224-a47273ee6a7d}</UniqueIdentifier>
    </Filter>
    <Filter Include="ソース ファイル\Engine\Menu">
      <UniqueIdentifier>{fb237d36-d490-4882-8646-60554dedd981}</UniqueIdentifier>
    </Filter>
    <Filter Include="ヘッダー ファイル\Engine\Scene\Selection\PartTime\MiniGame">
      <UniqueIdentifier>{bc140970-753f-40f2-a34d-b71d5907d37c}</UniqueIdentifier>
    </Filter>
    <Filter Include="ヘッダー ファイル\Engine\Scene\Selection\PartTime\MiniGame\Sokoban">
      <UniqueIdentifier>{f258451b-d117-4687-a9b4-98b8fe729802}</UniqueIdentifier>
    </Filter>
    <Filter Include="ソース ファイル\Engine\Scene\Selection\PartTime\Sokoban">
      <UniqueIdentifier>{00b75555-559c-4807-b810-f8e1f49e23cc}</UniqueIdentifier>
    </Filter>
  </ItemGroup>
  <ItemGroup>
    <ClCompile Include="Scripts\Main.cpp">
      <Filter>ソース ファイル</Filter>
    </ClCompile>
    <ClCompile Include="Scripts\Engine\Engine.cpp">
      <Filter>ソース ファイル\Engine</Filter>
    </ClCompile>
    <ClCompile Include="Scripts\Engine\GameObject.cpp">
      <Filter>ソース ファイル\Engine</Filter>
    </ClCompile>
    <ClCompile Include="Scripts\Engine\Time.cpp">
      <Filter>ソース ファイル\Engine</Filter>
    </ClCompile>
    <ClCompile Include="Scripts\Engine\VecMath.cpp">
      <Filter>ソース ファイル\Engine</Filter>
    </ClCompile>
    <ClCompile Include="Scripts\Engine\Manager\CharacterManager.cpp">
      <Filter>ソース ファイル\Engine\Character</Filter>
    </ClCompile>
    <ClCompile Include="Scripts\Engine\Scene\MainGameScene.cpp">
      <Filter>ソース ファイル\Engine\Scene</Filter>
    </ClCompile>
    <ClCompile Include="Scripts\Engine\Scene\Scene.cpp">
      <Filter>ソース ファイル\Engine\Scene</Filter>
    </ClCompile>
    <ClCompile Include="Scripts\Engine\Scene\TitleScene.cpp">
      <Filter>ソース ファイル\Engine\Scene</Filter>
    </ClCompile>
    <ClCompile Include="Scripts\Engine\Scene\Calendar\Day.cpp">
      <Filter>ソース ファイル\Engine\Scene\Calendar</Filter>
    </ClCompile>
    <ClCompile Include="Scripts\Engine\Scene\Calendar\CalendarSystem.cpp">
      <Filter>ソース ファイル\Engine\Scene\Calendar</Filter>
    </ClCompile>
    <ClCompile Include="Scripts\Engine\Scene\Calendar\CalendarManager.cpp">
      <Filter>ソース ファイル\Engine\Scene\Calendar</Filter>
    </ClCompile>
    <ClCompile Include="Scripts\Engine\Manager\GameObjectManager.cpp">
      <Filter>ソース ファイル\Engine</Filter>
    </ClCompile>
    <ClCompile Include="Scripts\Engine\Manager\StageManager.cpp">
      <Filter>ソース ファイル\Engine\Stage</Filter>
    </ClCompile>
    <ClCompile Include="Scripts\Engine\Stage\Stage.cpp">
      <Filter>ソース ファイル\Engine\Stage</Filter>
    </ClCompile>
    <ClCompile Include="Scripts\Engine\Manager\CameraManager.cpp">
      <Filter>ソース ファイル</Filter>
    </ClCompile>
    <ClCompile Include="Scripts\Engine\Load\Binary\LoadBinary.cpp">
      <Filter>ソース ファイル\Engine\Load</Filter>
    </ClCompile>
    <ClCompile Include="Scripts\Engine\Load\CSV\LoadCSV.cpp">
      <Filter>ソース ファイル\Engine\Load</Filter>
    </ClCompile>
    <ClCompile Include="Scripts\Engine\Load\JSON\LoadJSON.cpp">
      <Filter>ソース ファイル\Engine\Load</Filter>
    </ClCompile>
    <ClCompile Include="Scripts\Engine\Load\Model\LoadModel.cpp">
      <Filter>ソース ファイル\Engine\Load</Filter>
    </ClCompile>
    <ClCompile Include="Scripts\Engine\Load\Sprite\LoadSprite.cpp">
      <Filter>ソース ファイル\Engine\Load</Filter>
    </ClCompile>
    <ClCompile Include="Scripts\Engine\Load\Animation\LoadAnimation_ChangeBackground.cpp">
      <Filter>ソース ファイル\Engine\Load\Animation</Filter>
    </ClCompile>
    <ClCompile Include="Scripts\Engine\Component\CameraComponent.cpp">
      <Filter>ソース ファイル</Filter>
    </ClCompile>
    <ClCompile Include="Scripts\Engine\Load\Animation\LoadAnimation_ProgressBackground.cpp">
      <Filter>ソース ファイル\Engine\Load\Animation</Filter>
    </ClCompile>
    <ClCompile Include="Scripts\Engine\Scene\DebugScene.cpp">
      <Filter>ソース ファイル\Engine\Scene</Filter>
    </ClCompile>
    <ClCompile Include="Scripts\Engine\Component\Character\PlayerComponent.cpp">
      <Filter>ソース ファイル</Filter>
    </ClCompile>
    <ClCompile Include="Scripts\Engine\Input\InputManager.cpp">
      <Filter>ソース ファイル\Engine</Filter>
    </ClCompile>
    <ClCompile Include="Scripts\Engine\Manager\StageObjectManager.cpp">
      <Filter>ソース ファイル</Filter>
    </ClCompile>
    <ClCompile Include="Scripts\Engine\Stage\StageObject\Treasure\Treasure.cpp">
      <Filter>ソース ファイル</Filter>
    </ClCompile>
    <ClCompile Include="Scripts\Engine\Stage\StageObject\ExitPoint.cpp">
      <Filter>ソース ファイル</Filter>
    </ClCompile>
    <ClCompile Include="Scripts\Engine\Scene\DayAction\ActionManager.cpp">
      <Filter>ソース ファイル\Engine\Scene\Action</Filter>
    </ClCompile>
    <ClCompile Include="Scripts\Engine\Scene\Selection\SelectionManager.cpp">
      <Filter>ソース ファイル\Engine\Scene\Selection</Filter>
    </ClCompile>
    <ClCompile Include="Scripts\Engine\Component\Character\EnemyComponent.cpp">
      <Filter>ソース ファイル</Filter>
    </ClCompile>
    <ClCompile Include="Scripts\Engine\Audio\BGM\BGMSource.cpp">
      <Filter>ソース ファイル\Engine\Audio</Filter>
    </ClCompile>
    <ClCompile Include="Scripts\Engine\Audio\SE\SESource.cpp">
      <Filter>ソース ファイル\Engine\Audio</Filter>
    </ClCompile>
    <ClCompile Include="Scripts\Engine\Audio\BGM\BGMManager.cpp">
      <Filter>ソース ファイル\Engine\Audio</Filter>
    </ClCompile>
    <ClCompile Include="Scripts\Engine\Component\Character\HandArm.cpp">
      <Filter>ソース ファイル</Filter>
    </ClCompile>
    <ClCompile Include="Scripts\Engine\RayCast.cpp">
      <Filter>ソース ファイル</Filter>
    </ClCompile>
    <ClCompile Include="Scripts\Engine\Audio\SE\SEManager.cpp">
      <Filter>ソース ファイル\Engine\Audio</Filter>
    </ClCompile>
    <ClCompile Include="Scripts\Engine\Component\AABBCollider.cpp">
      <Filter>ソース ファイル</Filter>
    </ClCompile>
    <ClCompile Include="Scripts\Engine\Component\Character\ArmActionComponent.cpp">
      <Filter>ソース ファイル</Filter>
    </ClCompile>
    <ClCompile Include="Scripts\Engine\Audio\AudioManager.cpp">
      <Filter>ソース ファイル\Engine\Audio</Filter>
    </ClCompile>
    <ClCompile Include="Scripts\Engine\Stage\StageObject\Stair.cpp">
      <Filter>ソース ファイル</Filter>
    </ClCompile>
    <ClCompile Include="Scripts\Engine\Component\Character\BulletComponent.cpp">
      <Filter>ソース ファイル</Filter>
    </ClCompile>
    <ClCompile Include="Scripts\Engine\Manager\BulletManager.cpp">
      <Filter>ソース ファイル</Filter>
    </ClCompile>
    <ClCompile Include="Scripts\Engine\Vision.cpp">
      <Filter>ソース ファイル</Filter>
    </ClCompile>
    <ClCompile Include="Scripts\Engine\Component\Character\RevolverArm.cpp">
      <Filter>ソース ファイル</Filter>
    </ClCompile>
    <ClCompile Include="Scripts\Engine\Component\Character\WeaponBase.cpp">
      <Filter>ソース ファイル</Filter>
    </ClCompile>
    <ClCompile Include="Scripts\Engine\Scene\StandbyScene.cpp">
      <Filter>ソース ファイル\Engine\Scene</Filter>
    </ClCompile>
    <ClCompile Include="Scripts\Engine\Scene\TutorialScene.cpp">
      <Filter>ソース ファイル\Engine\Scene</Filter>
    </ClCompile>
    <ClCompile Include="Scripts\Engine\Scene\ResultScene.cpp">
      <Filter>ソース ファイル\Engine\Scene</Filter>
    </ClCompile>
    <ClCompile Include="Scripts\Engine\Component\AnimatorComponent.cpp">
      <Filter>ソース ファイル</Filter>
    </ClCompile>
    <ClCompile Include="Scripts\Engine\Component\GravityComponent.cpp">
      <Filter>ソース ファイル</Filter>
    </ClCompile>
    <ClCompile Include="Scripts\Engine\Component\EffectComponent.cpp">
      <Filter>ソース ファイル</Filter>
    </ClCompile>
    <ClCompile Include="Scripts\Engine\Load\Audio\LoadAudio.cpp">
      <Filter>ソース ファイル\Engine\Load</Filter>
    </ClCompile>
    <ClCompile Include="Scripts\Engine\Manager\EffectManager.cpp">
      <Filter>ソース ファイル</Filter>
    </ClCompile>
    <ClCompile Include="Scripts\Engine\Collision\Collision.cpp">
      <Filter>ソース ファイル\Engine</Filter>
    </ClCompile>
    <ClCompile Include="Scripts\Engine\Component\CapsuleCollider.cpp">
      <Filter>ソース ファイル</Filter>
    </ClCompile>
    <ClCompile Include="Scripts\Engine\System\Status\PlayerStatusManager.cpp">
      <Filter>ソース ファイル\Engine\System\Status</Filter>
    </ClCompile>
    <ClCompile Include="Scripts\Engine\System\Item\ItemManager.cpp">
      <Filter>ソース ファイル\Engine\System\Item</Filter>
    </ClCompile>
    <ClCompile Include="Scripts\Engine\Scene\Selection\Dungeon\SelectionDungeon.cpp">
      <Filter>ソース ファイル\Engine\Scene\Selection\Dungeon</Filter>
    </ClCompile>
    <ClCompile Include="Scripts\Engine\Scene\Selection\Training\SelectionTraining.cpp">
      <Filter>ソース ファイル\Engine\Scene\Selection\Training</Filter>
    </ClCompile>
    <ClCompile Include="Scripts\Engine\Scene\Selection\Shop\SelectionShop.cpp">
      <Filter>ソース ファイル\Engine\Scene\Selection\Shop</Filter>
    </ClCompile>
    <ClCompile Include="Scripts\Engine\Scene\Selection\PartTime\SelectionPartTime.cpp">
      <Filter>ソース ファイル\Engine\Scene\Selection\PartTime</Filter>
    </ClCompile>
    <ClCompile Include="Scripts\Engine\Scene\DayAction\ActionDungeon\ActionDungeon.cpp">
      <Filter>ソース ファイル\Engine\Scene\Action\Dungeon</Filter>
    </ClCompile>
    <ClCompile Include="Scripts\Engine\Scene\DayAction\ActionTraining\ActionTraining.cpp">
      <Filter>ソース ファイル\Engine\Scene\Action\Training</Filter>
    </ClCompile>
    <ClCompile Include="Scripts\Engine\Scene\DayAction\ActionShop\ActionShop.cpp">
      <Filter>ソース ファイル\Engine\Scene\Action\Shop</Filter>
    </ClCompile>
    <ClCompile Include="Scripts\Engine\Scene\DayAction\ActionPartTime\ActionPartTime.cpp">
      <Filter>ソース ファイル\Engine\Scene\Action\PartTime</Filter>
    </ClCompile>
    <ClCompile Include="Scripts\Engine\Menu\MenuManager.cpp">
      <Filter>ソース ファイル\Engine\Menu</Filter>
    </ClCompile>
    <ClCompile Include="Scripts\Engine\Scene\Selection\PartTime\MiniGame\Sokoban\MiniGameSokoban.cpp">
      <Filter>ソース ファイル\Engine\Scene\Selection\PartTime\Sokoban</Filter>
    </ClCompile>
    <ClCompile Include="Scripts\Engine\Scene\Selection\PartTime\MiniGame\Sokoban\SokobanMapManager.cpp">
      <Filter>ソース ファイル\Engine\Scene\Selection\PartTime\Sokoban</Filter>
    </ClCompile>
  </ItemGroup>
  <ItemGroup>
    <ClInclude Include="Scripts\Engine\Engine.h">
      <Filter>ヘッダー ファイル\Engine</Filter>
    </ClInclude>
    <ClInclude Include="Scripts\Engine\GameObject.h">
      <Filter>ヘッダー ファイル\Engine</Filter>
    </ClInclude>
    <ClInclude Include="Scripts\Engine\Singleton.h">
      <Filter>ヘッダー ファイル\Engine</Filter>
    </ClInclude>
    <ClInclude Include="Scripts\Engine\Time.h">
      <Filter>ヘッダー ファイル\Engine</Filter>
    </ClInclude>
    <ClInclude Include="Scripts\Engine\VecMath.h">
      <Filter>ヘッダー ファイル\Engine</Filter>
    </ClInclude>
    <ClInclude Include="Scripts\Engine\Fade\BlackFade.h">
      <Filter>ヘッダー ファイル\Engine\Fade</Filter>
    </ClInclude>
    <ClInclude Include="Scripts\Engine\Fade\FadeBase.h">
      <Filter>ヘッダー ファイル\Engine\Fade</Filter>
    </ClInclude>
    <ClInclude Include="Scripts\Engine\Fade\FadeFactory.h">
      <Filter>ヘッダー ファイル\Engine\Fade</Filter>
    </ClInclude>
    <ClInclude Include="Scripts\Engine\Fade\FadeManager.h">
      <Filter>ヘッダー ファイル\Engine\Fade</Filter>
    </ClInclude>
    <ClInclude Include="Scripts\Engine\Manager\CharacterManager.h">
      <Filter>ヘッダー ファイル\Engine\Character</Filter>
    </ClInclude>
    <ClInclude Include="Scripts\Engine\Component\Component.h">
      <Filter>ヘッダー ファイル\Engine\Component</Filter>
    </ClInclude>
    <ClInclude Include="Scripts\Engine\Component\ModelRenderer.h">
      <Filter>ヘッダー ファイル\Engine\Component</Filter>
    </ClInclude>
    <ClInclude Include="Scripts\Engine\Component\RenderComponent.h">
      <Filter>ヘッダー ファイル\Engine\Component</Filter>
    </ClInclude>
    <ClInclude Include="Scripts\Engine\Component\SpriteRenderer.h">
      <Filter>ヘッダー ファイル\Engine\Component</Filter>
    </ClInclude>
    <ClInclude Include="Scripts\Engine\Scene\Scene.h">
      <Filter>ヘッダー ファイル\Engine\Scene</Filter>
    </ClInclude>
    <ClInclude Include="Scripts\Engine\Scene\MainGameScene.h">
      <Filter>ヘッダー ファイル\Engine\Scene</Filter>
    </ClInclude>
    <ClInclude Include="Scripts\Engine\Scene\TitleScene.h">
      <Filter>ヘッダー ファイル\Engine\Scene</Filter>
    </ClInclude>
    <ClInclude Include="Scripts\Engine\Stage\StageBase.h">
      <Filter>ヘッダー ファイル\Engine\Stage</Filter>
    </ClInclude>
    <ClInclude Include="Scripts\Engine\Scene\Calendar\DateBase.h">
      <Filter>ヘッダー ファイル\Engine\Scene\Calendar</Filter>
    </ClInclude>
    <ClInclude Include="Scripts\Engine\Scene\Calendar\Day.h">
      <Filter>ヘッダー ファイル\Engine\Scene\Calendar</Filter>
    </ClInclude>
    <ClInclude Include="Scripts\Engine\Scene\Calendar\Week.h">
      <Filter>ヘッダー ファイル\Engine\Scene\Calendar</Filter>
    </ClInclude>
    <ClInclude Include="Scripts\Engine\Scene\Calendar\Month.h">
      <Filter>ヘッダー ファイル\Engine\Scene\Calendar</Filter>
    </ClInclude>
    <ClInclude Include="Scripts\Engine\Scene\Calendar\Year.h">
      <Filter>ヘッダー ファイル\Engine\Scene\Calendar</Filter>
    </ClInclude>
    <ClInclude Include="Scripts\Engine\Scene\Calendar\CalendarManager.h">
      <Filter>ヘッダー ファイル\Engine\Scene\Calendar</Filter>
    </ClInclude>
    <ClInclude Include="Scripts\Engine\Scene\Calendar\CalendarSystem.h">
      <Filter>ヘッダー ファイル\Engine\Scene\Calendar</Filter>
    </ClInclude>
    <ClInclude Include="Scripts\Engine\Manager\GameObjectManager.h">
      <Filter>ヘッダー ファイル\Engine</Filter>
    </ClInclude>
    <ClInclude Include="Scripts\Engine\Stage\StageObject\StageObjectBase.h">
      <Filter>ヘッダー ファイル\Engine\Stage</Filter>
    </ClInclude>
    <ClInclude Include="Scripts\Engine\Input\InputManager.h">
      <Filter>ヘッダー ファイル\Engine\Input</Filter>
    </ClInclude>
    <ClInclude Include="Scripts\Engine\Manager\StageManager.h">
      <Filter>ヘッダー ファイル\Engine\Stage</Filter>
    </ClInclude>
    <ClInclude Include="Scripts\Engine\Stage\Stage.h">
      <Filter>ヘッダー ファイル\Engine\Stage</Filter>
    </ClInclude>
    <ClInclude Include="Scripts\Engine\Load\LoadBase.h">
      <Filter>ヘッダー ファイル\Engine\Load</Filter>
    </ClInclude>
    <ClInclude Include="Scripts\Engine\Load\LoadManager.h">
      <Filter>ヘッダー ファイル\Engine\Load</Filter>
    </ClInclude>
    <ClInclude Include="Scripts\Engine\Manager\StageObjectManager.h">
      <Filter>ヘッダー ファイル</Filter>
    </ClInclude>
    <ClInclude Include="Scripts\Engine\Manager\CameraManager.h">
      <Filter>ヘッダー ファイル</Filter>
    </ClInclude>
    <ClInclude Include="Scripts\Engine\Load\Binary\LoadBinary.h">
      <Filter>ヘッダー ファイル\Engine\Load</Filter>
    </ClInclude>
    <ClInclude Include="Scripts\Engine\Load\CSV\LoadCSV.h">
      <Filter>ヘッダー ファイル\Engine\Load</Filter>
    </ClInclude>
    <ClInclude Include="Scripts\Engine\Load\JSON\LoadJSON.h">
      <Filter>ヘッダー ファイル\Engine\Load</Filter>
    </ClInclude>
    <ClInclude Include="Scripts\Engine\Load\Model\LoadModel.h">
      <Filter>ヘッダー ファイル\Engine\Load</Filter>
    </ClInclude>
    <ClInclude Include="Scripts\Engine\Load\Sprite\LoadSprite.h">
      <Filter>ヘッダー ファイル\Engine\Load</Filter>
    </ClInclude>
    <ClInclude Include="Scripts\Engine\Load\Animation\LoadAnimation_ChangeBackground.h">
      <Filter>ヘッダー ファイル\Engine\Load\Animation</Filter>
    </ClInclude>
    <ClInclude Include="Scripts\Engine\Load\Animation\LoadAnimation_ProgressBackground.h">
      <Filter>ヘッダー ファイル\Engine\Load\Animation</Filter>
    </ClInclude>
    <ClInclude Include="Scripts\Engine\Load\Animation\LoadAnimationBase.h">
      <Filter>ヘッダー ファイル\Engine\Load\Animation</Filter>
    </ClInclude>
    <ClInclude Include="Scripts\Engine\Load\LoadSystem.h">
      <Filter>ヘッダー ファイル\Engine\Load</Filter>
    </ClInclude>
    <ClInclude Include="Scripts\Engine\Scene\DebugScene.h">
      <Filter>ヘッダー ファイル\Engine\Scene</Filter>
    </ClInclude>
    <ClInclude Include="Scripts\Engine\Scene\DayAction\ActionManager.h">
      <Filter>ヘッダー ファイル\Engine\Scene\Action</Filter>
    </ClInclude>
    <ClInclude Include="Scripts\Engine\GameConst.h">
      <Filter>ヘッダー ファイル</Filter>
    </ClInclude>
    <ClInclude Include="Scripts\Engine\Load\LoadRegistry.h">
      <Filter>ヘッダー ファイル\Engine\Load</Filter>
    </ClInclude>
    <ClInclude Include="Scripts\Engine\Scene\Selection\SelectionBase.h">
      <Filter>ヘッダー ファイル\Engine\Scene\Selection</Filter>
    </ClInclude>
    <ClInclude Include="Scripts\Engine\Scene\Selection\SelectionManager.h">
      <Filter>ヘッダー ファイル\Engine\Scene\Selection</Filter>
    </ClInclude>
    <ClInclude Include="Scripts\Engine\Scene\DayAction\DayActionBase.h">
      <Filter>ヘッダー ファイル\Engine\Scene\Action</Filter>
    </ClInclude>
    <ClInclude Include="Scripts\Engine\Component\Character\CharacterBase.h">
      <Filter>ヘッダー ファイル\Engine\Character</Filter>
    </ClInclude>
    <ClInclude Include="Scripts\Engine\RayCast.h">
      <Filter>ヘッダー ファイル</Filter>
    </ClInclude>
    <ClInclude Include="Scripts\Engine\Audio\AudioSource.h">
      <Filter>ヘッダー ファイル\Engine\Audio</Filter>
    </ClInclude>
    <ClInclude Include="Scripts\Engine\Audio\SE\SESource.h">
      <Filter>ヘッダー ファイル\Engine\Audio</Filter>
    </ClInclude>
    <ClInclude Include="Scripts\Engine\Audio\BGM\BGMManager.h">
      <Filter>ヘッダー ファイル\Engine\Audio</Filter>
    </ClInclude>
    <ClInclude Include="Scripts\Engine\Audio\BGM\BGMSource.h">
      <Filter>ヘッダー ファイル\Engine\Audio</Filter>
    </ClInclude>
    <ClInclude Include="Scripts\Engine\Audio\SE\SEManager.h">
      <Filter>ヘッダー ファイル\Engine\Audio</Filter>
    </ClInclude>
    <ClInclude Include="Scripts\Engine\Scene\DayAction\ActionFactory.h">
      <Filter>ヘッダー ファイル\Engine\Scene\Action</Filter>
    </ClInclude>
    <ClInclude Include="Scripts\Engine\Scene\Selection\SelectionFactory.h">
      <Filter>ヘッダー ファイル\Engine\Scene\Selection</Filter>
    </ClInclude>
    <ClInclude Include="Scripts\Engine\Audio\AudioUtility.h">
      <Filter>ヘッダー ファイル\Engine\Audio</Filter>
    </ClInclude>
    <ClInclude Include="Scripts\Engine\Audio\AudioManager.h">
      <Filter>ヘッダー ファイル\Engine\Audio</Filter>
    </ClInclude>
    <ClInclude Include="Scripts\Engine\Component\Character\CharacterUtility.h">
      <Filter>ヘッダー ファイル\Engine\Character</Filter>
    </ClInclude>
    <ClInclude Include="Scripts\Engine\Stage\StageUtility.h">
      <Filter>ヘッダー ファイル\Engine\Stage</Filter>
    </ClInclude>
    <ClInclude Include="Scripts\Engine\Stage\StageObject\StageObjectUtility.h">
      <Filter>ヘッダー ファイル\Engine\Stage</Filter>
    </ClInclude>
    <ClInclude Include="Scripts\Engine\GameObject\GameObjectUtility.h">
      <Filter>ヘッダー ファイル</Filter>
    </ClInclude>
    <ClInclude Include="Scripts\Engine\Vision.h">
      <Filter>ヘッダー ファイル</Filter>
    </ClInclude>
    <ClInclude Include="Scripts\Engine\Stage\StageState.h">
      <Filter>ヘッダー ファイル\Engine\Stage</Filter>
    </ClInclude>
    <ClInclude Include="Scripts\Engine\Fade\SpiralFade.h">
      <Filter>ヘッダー ファイル\Engine\Fade</Filter>
    </ClInclude>
    <ClInclude Include="Scripts\Engine\Fade\TileFade.h">
      <Filter>ヘッダー ファイル\Engine\Fade</Filter>
    </ClInclude>
    <ClInclude Include="Scripts\Engine\Scene\StandbyScene.h">
      <Filter>ヘッダー ファイル\Engine\Scene</Filter>
    </ClInclude>
    <ClInclude Include="Scripts\Engine\Scene\TutorialScene.h">
      <Filter>ヘッダー ファイル\Engine\Scene</Filter>
    </ClInclude>
    <ClInclude Include="Scripts\Engine\Scene\ResultScene.h">
      <Filter>ヘッダー ファイル\Engine\Scene</Filter>
    </ClInclude>
    <ClInclude Include="Scripts\Engine\Menu\MenuBase.h">
      <Filter>ヘッダー ファイル\Engine\Menu</Filter>
    </ClInclude>
    <ClInclude Include="Scripts\Engine\Menu\MenuManager.h">
      <Filter>ヘッダー ファイル\Engine\Menu</Filter>
    </ClInclude>
    <ClInclude Include="Scripts\Engine\JSON.h">
      <Filter>ヘッダー ファイル\Engine</Filter>
    </ClInclude>
    <ClInclude Include="Scripts\Engine\System\Money\MoneyManager.h">
      <Filter>ヘッダー ファイル\Engine\System\Money</Filter>
    </ClInclude>
    <ClInclude Include="Scripts\Engine\Fade\InkSpreadFade.h">
      <Filter>ヘッダー ファイル\Engine\Fade</Filter>
    </ClInclude>
    <ClInclude Include="Scripts\Engine\Load\Audio\LoadAudio.h">
      <Filter>ヘッダー ファイル\Engine\Load</Filter>
    </ClInclude>
    <ClInclude Include="Scripts\Engine\Component\AABBCollider.h">
      <Filter>ヘッダー ファイル\Engine\Component</Filter>
    </ClInclude>
    <ClInclude Include="Scripts\Engine\Component\AnimatorComponent.h">
      <Filter>ヘッダー ファイル\Engine\Component</Filter>
    </ClInclude>
    <ClInclude Include="Scripts\Engine\Component\Character\ArmActionComponent.h">
      <Filter>ヘッダー ファイル\Engine\Component</Filter>
    </ClInclude>
    <ClInclude Include="Scripts\Engine\Component\Character\BulletComponent.h">
      <Filter>ヘッダー ファイル\Engine\Component</Filter>
    </ClInclude>
    <ClInclude Include="Scripts\Engine\Component\CameraComponent.h">
      <Filter>ヘッダー ファイル\Engine\Component</Filter>
    </ClInclude>
    <ClInclude Include="Scripts\Engine\Component\EffectComponent.h">
      <Filter>ヘッダー ファイル\Engine\Component</Filter>
    </ClInclude>
    <ClInclude Include="Scripts\Engine\Component\Character\EnemyComponent.h">
      <Filter>ヘッダー ファイル\Engine\Component</Filter>
    </ClInclude>
    <ClInclude Include="Scripts\Engine\Stage\StageObject\ExitPoint.h">
      <Filter>ヘッダー ファイル\Engine\Component</Filter>
    </ClInclude>
    <ClInclude Include="Scripts\Engine\Component\GravityComponent.h">
      <Filter>ヘッダー ファイル\Engine\Component</Filter>
    </ClInclude>
    <ClInclude Include="Scripts\Engine\Component\Character\PlayerComponent.h">
      <Filter>ヘッダー ファイル\Engine\Component</Filter>
    </ClInclude>
    <ClInclude Include="Scripts\Engine\Stage\StageObject\Stair.h">
      <Filter>ヘッダー ファイル\Engine\Component</Filter>
    </ClInclude>
    <ClInclude Include="Scripts\Engine\Stage\StageObject\Treasure\Treasure.h">
      <Filter>ヘッダー ファイル\Engine\Component</Filter>
    </ClInclude>
    <ClInclude Include="Scripts\Engine\Component\Character\WeaponBase.h">
      <Filter>ヘッダー ファイル\Engine\Character\Player</Filter>
    </ClInclude>
    <ClInclude Include="Scripts\Engine\Component\Character\RevolverArm.h">
      <Filter>ヘッダー ファイル\Engine\Character\Player</Filter>
    </ClInclude>
    <ClInclude Include="Scripts\Engine\Component\Character\HandArm.h">
      <Filter>ヘッダー ファイル\Engine\Character\Player</Filter>
    </ClInclude>
    <ClInclude Include="Scripts\Engine\Manager\BulletManager.h">
      <Filter>ヘッダー ファイル\Engine\Character\Player</Filter>
    </ClInclude>
    <ClInclude Include="Scripts\Engine\Component\CapsuleCollider.h">
      <Filter>ヘッダー ファイル\Engine\Component</Filter>
    </ClInclude>
    <ClInclude Include="Scripts\Engine\Collision\ColliderBase.h">
      <Filter>ヘッダー ファイル\Engine\Collision</Filter>
    </ClInclude>
    <ClInclude Include="Scripts\Engine\Collision\Collision.h">
      <Filter>ヘッダー ファイル\Engine\Collision</Filter>
    </ClInclude>
    <ClInclude Include="Scripts\Engine\System\Status\PlayerStatusManager.h">
      <Filter>ヘッダー ファイル\Engine\System\Status</Filter>
    </ClInclude>
    <ClInclude Include="Scripts\Engine\AutoJSONRegitry.h">
      <Filter>ヘッダー ファイル\Engine</Filter>
    </ClInclude>
    <ClInclude Include="Scripts\Engine\System\Item\ItemManager.h">
      <Filter>ヘッダー ファイル\Engine\System\Item</Filter>
    </ClInclude>
    <ClInclude Include="Scripts\Data\DungeonData.h">
      <Filter>ヘッダー ファイル\Data\Dungeon</Filter>
    </ClInclude>
    <ClInclude Include="Scripts\Data\DungeonStageData.h">
      <Filter>ヘッダー ファイル\Data\Dungeon</Filter>
    </ClInclude>
    <ClInclude Include="Scripts\Engine\Load\Dungeon\DungeonDataLoader.h">
      <Filter>ヘッダー ファイル\Data\Dungeon</Filter>
    </ClInclude>
    <ClInclude Include="Scripts\Data\PlayerStatusData.h">
      <Filter>ヘッダー ファイル\Data\Player</Filter>
    </ClInclude>
    <ClInclude Include="Scripts\Data\TreasureDataList.h">
      <Filter>ヘッダー ファイル\Data\Treasure</Filter>
    </ClInclude>
    <ClInclude Include="Scripts\Data\ItemCatalogData.h">
      <Filter>ヘッダー ファイル\Data\Item</Filter>
    </ClInclude>
    <ClInclude Include="Scripts\Engine\Scene\Selection\Dungeon\SelectionDungeon.h">
      <Filter>ヘッダー ファイル\Engine\Scene\Selection\Dungeon</Filter>
    </ClInclude>
    <ClInclude Include="Scripts\Engine\Scene\Selection\Training\SelectionTraining.h">
      <Filter>ヘッダー ファイル\Engine\Scene\Selection\Training</Filter>
    </ClInclude>
    <ClInclude Include="Scripts\Engine\Scene\Selection\Shop\SelectionShop.h">
      <Filter>ヘッダー ファイル\Engine\Scene\Selection\Shop</Filter>
    </ClInclude>
    <ClInclude Include="Scripts\Engine\Scene\Selection\PartTime\SelectionPartTime.h">
      <Filter>ヘッダー ファイル\Engine\Scene\Selection\PartTime</Filter>
    </ClInclude>
    <ClInclude Include="Scripts\Engine\Scene\DayAction\ActionDungeon\ActionDungeon.h">
      <Filter>ヘッダー ファイル\Engine\Scene\Action\Dungeon</Filter>
    </ClInclude>
    <ClInclude Include="Scripts\Engine\Scene\DayAction\ActionTraining\ActionTraining.h">
      <Filter>ヘッダー ファイル\Engine\Scene\Action\Training</Filter>
    </ClInclude>
    <ClInclude Include="Scripts\Engine\Scene\DayAction\ActionShop\ActionShop.h">
      <Filter>ヘッダー ファイル\Engine\Scene\Action\Shop</Filter>
    </ClInclude>
    <ClInclude Include="Scripts\Engine\Scene\DayAction\ActionPartTime\ActionPartTime.h">
      <Filter>ヘッダー ファイル\Engine\Scene\Action\PartTime</Filter>
    </ClInclude>
    <ClInclude Include="Scripts\Engine\Scene\Selection\PartTime\MiniGame\MiniGameBase.h">
      <Filter>ヘッダー ファイル\Engine\Scene\Selection\PartTime\MiniGame</Filter>
    </ClInclude>
    <ClInclude Include="Scripts\Engine\Scene\Selection\PartTime\MiniGame\Sokoban\MiniGameSokoban.h">
      <Filter>ヘッダー ファイル\Engine\Scene\Selection\PartTime\MiniGame\Sokoban</Filter>
    </ClInclude>
    <ClInclude Include="Scripts\Engine\Scene\Selection\PartTime\MiniGame\Sokoban\SokobanMapCreater.h">
      <Filter>ヘッダー ファイル\Engine\Scene\Selection\PartTime\MiniGame\Sokoban</Filter>
    </ClInclude>
    <ClInclude Include="Scripts\Engine\Scene\Selection\PartTime\MiniGame\Sokoban\SokobanMapManager.h">
      <Filter>ヘッダー ファイル\Engine\Scene\Selection\PartTime\MiniGame\Sokoban</Filter>
    </ClInclude>
    <ClInclude Include="Scripts\Engine\Component\Character\EnemyAttack.h">
      <Filter>ヘッダー ファイル</Filter>
    </ClInclude>
  </ItemGroup>
</Project>